
Microsoft Visual Studio Solution File, Format Version 12.00
# Visual Studio Version 16
VisualStudioVersion = 16.0.30907.101
MinimumVisualStudioVersion = 10.0.40219.1
Project("{9A19103F-16F7-4668-BE54-9A1E7A4F7556}") = "Garage1.0", "Garage1.0\Garage1.0.csproj", "{82D8F78D-753D-4413-A28D-B4ECC2EE5F91}"
EndProject
Project("{FAE04EC0-301F-11D3-BF4B-00C04F79EFBC}") = "Garage1.0Tests", "Garage1.0Tests\Garage1.0Tests.csproj", "{38316AA0-74C0-49B5-B3A4-8E384ABD9F46}"
EndProject
Global
	GlobalSection(SolutionConfigurationPlatforms) = preSolution
		Debug|Any CPU = Debug|Any CPU
		Release|Any CPU = Release|Any CPU
	EndGlobalSection
	GlobalSection(ProjectConfigurationPlatforms) = postSolution
		{82D8F78D-753D-4413-A28D-B4ECC2EE5F91}.Debug|Any CPU.ActiveCfg = Debug|Any CPU
		{82D8F78D-753D-4413-A28D-B4ECC2EE5F91}.Debug|Any CPU.Build.0 = Debug|Any CPU
		{82D8F78D-753D-4413-A28D-B4ECC2EE5F91}.Release|Any CPU.ActiveCfg = Release|Any CPU
		{82D8F78D-753D-4413-A28D-B4ECC2EE5F91}.Release|Any CPU.Build.0 = Release|Any CPU
		{38316AA0-74C0-49B5-B3A4-8E384ABD9F46}.Debug|Any CPU.ActiveCfg = Debug|Any CPU
		{38316AA0-74C0-49B5-B3A4-8E384ABD9F46}.Debug|Any CPU.Build.0 = Debug|Any CPU
		{38316AA0-74C0-49B5-B3A4-8E384ABD9F46}.Release|Any CPU.ActiveCfg = Release|Any CPU
		{38316AA0-74C0-49B5-B3A4-8E384ABD9F46}.Release|Any CPU.Build.0 = Release|Any CPU
	EndGlobalSection
	GlobalSection(SolutionProperties) = preSolution
		HideSolutionNode = FALSE
	EndGlobalSection
	GlobalSection(ExtensibilityGlobals) = postSolution
		SolutionGuid = {DAAA9333-1532-4276-A92B-99FD0923228C}
	EndGlobalSection
EndGlobal
